<?xml version="1.0" encoding="utf-8"?>
<Project ToolsVersion="4.0" xmlns="http://schemas.microsoft.com/developer/msbuild/2003">
  <ItemGroup>
    <Filter Include="ソース ファイル">
      <UniqueIdentifier>{4FC737F1-C7A5-4376-A066-2A32D752A2FF}</UniqueIdentifier>
      <Extensions>cpp;c;cc;cxx;def;odl;idl;hpj;bat;asm;asmx</Extensions>
    </Filter>
    <Filter Include="ヘッダー ファイル">
      <UniqueIdentifier>{93995380-89BD-4b04-88EB-625FBE52EBFB}</UniqueIdentifier>
      <Extensions>h;hh;hpp;hxx;hm;inl;inc;ipp;xsd</Extensions>
    </Filter>
    <Filter Include="リソース ファイル">
      <UniqueIdentifier>{67DA6AB6-F800-4c08-8B7A-83BB121AAD01}</UniqueIdentifier>
      <Extensions>rc;ico;cur;bmp;dlg;rc2;rct;bin;rgs;gif;jpg;jpeg;jpe;resx;tiff;tif;png;wav;mfcribbon-ms</Extensions>
    </Filter>
    <Filter Include="ソース ファイル\Keyboard">
      <UniqueIdentifier>{77587b6a-b5fd-49ce-8b84-f660d3961c66}</UniqueIdentifier>
    </Filter>
    <Filter Include="ヘッダー ファイル\Keyboard">
      <UniqueIdentifier>{b76a6ac9-e0db-4aee-abdc-5ce5b98e0b9f}</UniqueIdentifier>
    </Filter>
    <Filter Include="ソース ファイル\Mouse">
      <UniqueIdentifier>{b0d4ac6a-ae58-47d6-9cd6-c50893ca6b2c}</UniqueIdentifier>
    </Filter>
    <Filter Include="ヘッダー ファイル\Mouse">
      <UniqueIdentifier>{fc8cad57-d86e-41ef-8e44-9f2033a7ef51}</UniqueIdentifier>
    </Filter>
    <Filter Include="ソース ファイル\Graphics">
      <UniqueIdentifier>{9f3ddc48-62f2-4d40-b99d-6c43a5e672f1}</UniqueIdentifier>
    </Filter>
    <Filter Include="ヘッダー ファイル\Graphics">
      <UniqueIdentifier>{c437496a-cf7b-4fb7-a237-a76ea2476d9e}</UniqueIdentifier>
    </Filter>
    <Filter Include="リソース ファイル\Shader">
      <UniqueIdentifier>{1757d9f8-a9d6-495e-a3c5-a33e640a0c56}</UniqueIdentifier>
    </Filter>
    <Filter Include="ヘッダー ファイル\Graphics\ImGUI">
      <UniqueIdentifier>{dfab0cde-d0ce-420e-b86e-adc1c01390fb}</UniqueIdentifier>
    </Filter>
    <Filter Include="ソース ファイル\Graphics\ImGUI">
      <UniqueIdentifier>{d1ea003a-abef-45c7-922e-7654e521c259}</UniqueIdentifier>
    </Filter>
  </ItemGroup>
  <ItemGroup>
    <ClInclude Include="framework.h">
      <Filter>ヘッダー ファイル</Filter>
    </ClInclude>
    <ClInclude Include="targetver.h">
      <Filter>ヘッダー ファイル</Filter>
    </ClInclude>
    <ClInclude Include="Resource.h">
      <Filter>ヘッダー ファイル</Filter>
    </ClInclude>
    <ClInclude Include="DirectX11.h">
      <Filter>ヘッダー ファイル</Filter>
    </ClInclude>
    <ClInclude Include="StringConverter.h">
      <Filter>ヘッダー ファイル</Filter>
    </ClInclude>
    <ClInclude Include="ErrorLogger.h">
      <Filter>ヘッダー ファイル</Filter>
    </ClInclude>
    <ClInclude Include="RenderWindow.h">
      <Filter>ヘッダー ファイル</Filter>
    </ClInclude>
    <ClInclude Include="Engine.h">
      <Filter>ヘッダー ファイル</Filter>
    </ClInclude>
    <ClInclude Include="WindowContainer.h">
      <Filter>ヘッダー ファイル</Filter>
    </ClInclude>
    <ClInclude Include="KeyboardEvent.h">
      <Filter>ヘッダー ファイル\Keyboard</Filter>
    </ClInclude>
    <ClInclude Include="KeyboardClass.h">
      <Filter>ヘッダー ファイル\Keyboard</Filter>
    </ClInclude>
    <ClInclude Include="MouseClass.h">
      <Filter>ヘッダー ファイル\Mouse</Filter>
    </ClInclude>
    <ClInclude Include="MouseEvent.h">
      <Filter>ヘッダー ファイル\Mouse</Filter>
    </ClInclude>
    <ClInclude Include="Graphics.h">
      <Filter>ヘッダー ファイル\Graphics</Filter>
    </ClInclude>
    <ClInclude Include="AdapterReader.h">
      <Filter>ヘッダー ファイル\Graphics</Filter>
    </ClInclude>
    <ClInclude Include="Vertex.h">
      <Filter>ヘッダー ファイル\Graphics</Filter>
    </ClInclude>
    <ClInclude Include="Shaders.h">
      <Filter>ヘッダー ファイル\Graphics</Filter>
    </ClInclude>
    <ClInclude Include="VertexBuffer.h">
      <Filter>ヘッダー ファイル\Graphics</Filter>
    </ClInclude>
    <ClInclude Include="IndexBuffer.h">
      <Filter>ヘッダー ファイル\Graphics</Filter>
    </ClInclude>
    <ClInclude Include="ConstantBufferTypes.h">
      <Filter>ヘッダー ファイル\Graphics</Filter>
    </ClInclude>
    <ClInclude Include="ConstantBuffer.h">
      <Filter>ヘッダー ファイル\Graphics</Filter>
    </ClInclude>
    <ClInclude Include="Camera.h">
      <Filter>ヘッダー ファイル\Graphics</Filter>
    </ClInclude>
    <ClInclude Include="Timer.h">
      <Filter>ヘッダー ファイル</Filter>
    </ClInclude>
    <ClInclude Include="ImGUI\imconfig.h">
      <Filter>ヘッダー ファイル\Graphics\ImGUI</Filter>
    </ClInclude>
    <ClInclude Include="ImGUI\imgui.h">
      <Filter>ヘッダー ファイル\Graphics\ImGUI</Filter>
    </ClInclude>
    <ClInclude Include="ImGUI\imgui_impl_dx11.h">
      <Filter>ヘッダー ファイル\Graphics\ImGUI</Filter>
    </ClInclude>
    <ClInclude Include="ImGUI\imgui_impl_win32.h">
      <Filter>ヘッダー ファイル\Graphics\ImGUI</Filter>
    </ClInclude>
    <ClInclude Include="ImGUI\imgui_internal.h">
      <Filter>ヘッダー ファイル\Graphics\ImGUI</Filter>
    </ClInclude>
    <ClInclude Include="ImGUI\imstb_rectpack.h">
      <Filter>ヘッダー ファイル\Graphics\ImGUI</Filter>
    </ClInclude>
    <ClInclude Include="ImGUI\imstb_textedit.h">
      <Filter>ヘッダー ファイル\Graphics\ImGUI</Filter>
    </ClInclude>
    <ClInclude Include="ImGUI\imstb_truetype.h">
      <Filter>ヘッダー ファイル\Graphics\ImGUI</Filter>
    </ClInclude>
  </ItemGroup>
  <ItemGroup>
    <ClCompile Include="DirectX11.cpp">
      <Filter>ソース ファイル</Filter>
    </ClCompile>
    <ClCompile Include="StringConverter.cpp">
      <Filter>ソース ファイル</Filter>
    </ClCompile>
    <ClCompile Include="ErrorLogger.cpp">
      <Filter>ソース ファイル</Filter>
    </ClCompile>
    <ClCompile Include="RenderWindow.cpp">
      <Filter>ソース ファイル</Filter>
    </ClCompile>
    <ClCompile Include="Engine.cpp">
      <Filter>ソース ファイル</Filter>
    </ClCompile>
    <ClCompile Include="WindowContainer.cpp">
      <Filter>ソース ファイル</Filter>
    </ClCompile>
    <ClCompile Include="KeyboardEvent.cpp">
      <Filter>ソース ファイル\Keyboard</Filter>
    </ClCompile>
    <ClCompile Include="KeyboardClass.cpp">
      <Filter>ソース ファイル\Keyboard</Filter>
    </ClCompile>
    <ClCompile Include="MouseClass.cpp">
      <Filter>ソース ファイル\Mouse</Filter>
    </ClCompile>
    <ClCompile Include="MouseEvent.cpp">
      <Filter>ソース ファイル\Mouse</Filter>
    </ClCompile>
    <ClCompile Include="Graphics.cpp">
      <Filter>ソース ファイル\Graphics</Filter>
    </ClCompile>
    <ClCompile Include="AdapterReader.cpp">
      <Filter>ソース ファイル\Graphics</Filter>
    </ClCompile>
    <ClCompile Include="Shaders.cpp">
      <Filter>ソース ファイル\Graphics</Filter>
    </ClCompile>
    <ClCompile Include="Camera.cpp">
      <Filter>ソース ファイル\Graphics</Filter>
    </ClCompile>
    <ClCompile Include="Timer.cpp">
      <Filter>ソース ファイル</Filter>
    </ClCompile>
    <ClCompile Include="ImGUI\imgui.cpp">
      <Filter>ソース ファイル\Graphics\ImGUI</Filter>
    </ClCompile>
    <ClCompile Include="ImGUI\imgui_draw.cpp">
      <Filter>ソース ファイル\Graphics\ImGUI</Filter>
    </ClCompile>
    <ClCompile Include="ImGUI\imgui_impl_dx11.cpp">
      <Filter>ソース ファイル\Graphics\ImGUI</Filter>
    </ClCompile>
    <ClCompile Include="ImGUI\imgui_impl_win32.cpp">
      <Filter>ソース ファイル\Graphics\ImGUI</Filter>
    </ClCompile>
    <ClCompile Include="ImGUI\imgui_widgets.cpp">
      <Filter>ソース ファイル\Graphics\ImGUI</Filter>
    </ClCompile>
  </ItemGroup>
  <ItemGroup>
    <ResourceCompile Include="DirectX11.rc">
      <Filter>リソース ファイル</Filter>
    </ResourceCompile>
  </ItemGroup>
  <ItemGroup>
    <Image Include="small.ico">
      <Filter>リソース ファイル</Filter>
    </Image>
    <Image Include="DirectX11.ico">
      <Filter>リソース ファイル</Filter>
    </Image>
  </ItemGroup>
  <ItemGroup>
    <FxCompile Include="VertexShader.hlsl">
      <Filter>リソース ファイル\Shader</Filter>
    </FxCompile>
    <FxCompile Include="PixelShader.hlsl">
      <Filter>リソース ファイル\Shader</Filter>
    </FxCompile>
  </ItemGroup>
</Project>